# This file is automatically @generated by Cargo.
# It is not intended for manual editing.
version = 4

[[package]]
name = "cmov"
version = "0.4.0"
source = "registry+https://github.com/rust-lang/crates.io-index"
checksum = "f86e55546fc1331ac555140c7124a11054fdd2a4f7b698c422e098898e338a3e"

[[package]]
name = "cnti"
version = "0.1.0"
dependencies = [
 "cmov",
]

[[package]]
name = "cnti-asm-functions"
version = "0.1.0"
dependencies = [
 "cnti",
]
